
Microsoft Visual Studio Solution File, Format Version 12.00
# Visual Studio 15
VisualStudioVersion = 15.0.28010.2046
MinimumVisualStudioVersion = 10.0.40219.1
Project("{FAE04EC0-301F-11D3-BF4B-00C04F79EFBC}") = "task 2", "task 2\task 2.csproj", "{8F1652EC-668B-4ECB-B2A9-EFEEAC446CDB}"
EndProject
Global
	GlobalSection(SolutionConfigurationPlatforms) = preSolution
		Debug|Any CPU = Debug|Any CPU
		Release|Any CPU = Release|Any CPU
	EndGlobalSection
	GlobalSection(ProjectConfigurationPlatforms) = postSolution
		{8F1652EC-668B-4ECB-B2A9-EFEEAC446CDB}.Debug|Any CPU.ActiveCfg = Debug|Any CPU
		{8F1652EC-668B-4ECB-B2A9-EFEEAC446CDB}.Debug|Any CPU.Build.0 = Debug|Any CPU
		{8F1652EC-668B-4ECB-B2A9-EFEEAC446CDB}.Release|Any CPU.ActiveCfg = Release|Any CPU
		{8F1652EC-668B-4ECB-B2A9-EFEEAC446CDB}.Release|Any CPU.Build.0 = Release|Any CPU
	EndGlobalSection
	GlobalSection(SolutionProperties) = preSolution
		HideSolutionNode = FALSE
	EndGlobalSection
	GlobalSection(ExtensibilityGlobals) = postSolution
		SolutionGuid = {3F80D64C-A42A-4205-B201-DDD32EC2F103}
	EndGlobalSection
EndGlobal
